
Microsoft Visual Studio Solution File, Format Version 12.00
# Visual Studio 14
VisualStudioVersion = 14.0.23107.0
MinimumVisualStudioVersion = 10.0.40219.1
Project("{8BC9CEB8-8B4A-11D0-8D11-00A0C91BC942}") = "Echo_Server_Demo", "boost.asio_demo\boost.asio_demo.vcxproj", "{B3784975-0181-4DF6-99B8-10B056A7B8FB}"
EndProject
Project("{8BC9CEB8-8B4A-11D0-8D11-00A0C91BC942}") = "Echo_Client_Demo", "Echo_Client_Demo\Echo_Client_Demo.vcxproj", "{E03BF27E-3CB6-457D-A92F-1C2ED7604A58}"
EndProject
Project("{8BC9CEB8-8B4A-11D0-8D11-00A0C91BC942}") = "Echo_Server_Async_Demo", "Echo_Server_Async_Client_Demo\Echo_Server_Async_Client_Demo.vcxproj", "{CC02E915-537E-47B1-9BFA-B47B75D6DD6F}"
EndProject
Project("{8BC9CEB8-8B4A-11D0-8D11-00A0C91BC942}") = "Echo_Client_Async_Demo", "Echo_Client_Async_Demo\Echo_Client_Async_Demo.vcxproj", "{E0C7CCB4-E7CD-4AFF-B8B7-138C1E17B18E}"
EndProject
Project("{8BC9CEB8-8B4A-11D0-8D11-00A0C91BC942}") = "Another_Echo_Server_Demo", "Another_Echo_Server_Demo\Another_Echo_Server_Demo.vcxproj", "{9B6ABF6A-73AB-4636-8F47-FED0C2CC3665}"
EndProject
Project("{8BC9CEB8-8B4A-11D0-8D11-00A0C91BC942}") = "Protocol_Client_Demo", "Protocol_Client_Demo\Protocol_Client_Demo.vcxproj", "{383455CA-76A9-4759-9DB0-6B6C0A933186}"
EndProject
Project("{8BC9CEB8-8B4A-11D0-8D11-00A0C91BC942}") = "Timer_Demo", "Timer_Demo\Timer_Demo.vcxproj", "{3C15065C-9EBF-4E14-8B2C-AAA4AE472064}"
EndProject
Project("{8BC9CEB8-8B4A-11D0-8D11-00A0C91BC942}") = "Time_demo1", "Time_demo1\Time_demo1.vcxproj", "{1E4DED99-E677-4671-9D88-AA53416E243C}"
EndProject
Project("{8BC9CEB8-8B4A-11D0-8D11-00A0C91BC942}") = "Timer_Try_Demo", "Timer_Try_Demo\Timer_Try_Demo.vcxproj", "{9B3675E9-D7D9-43E9-AA2D-B3FE41631219}"
EndProject
Project("{8BC9CEB8-8B4A-11D0-8D11-00A0C91BC942}") = "CsvReader", "CsvReader\CsvReader.vcxproj", "{2DF93B38-AB33-4538-8034-702DA9239D6A}"
EndProject
Project("{8BC9CEB8-8B4A-11D0-8D11-00A0C91BC942}") = "Copy_Demo", "Copy_Demo\Copy_Demo.vcxproj", "{2D3C2CB3-C23A-4DD0-88CE-5287DA35BC03}"
EndProject
Global
	GlobalSection(SolutionConfigurationPlatforms) = preSolution
		Debug|x64 = Debug|x64
		Debug|x86 = Debug|x86
		Release|x64 = Release|x64
		Release|x86 = Release|x86
	EndGlobalSection
	GlobalSection(ProjectConfigurationPlatforms) = postSolution
		{B3784975-0181-4DF6-99B8-10B056A7B8FB}.Debug|x64.ActiveCfg = Debug|x64
		{B3784975-0181-4DF6-99B8-10B056A7B8FB}.Debug|x64.Build.0 = Debug|x64
		{B3784975-0181-4DF6-99B8-10B056A7B8FB}.Debug|x86.ActiveCfg = Debug|Win32
		{B3784975-0181-4DF6-99B8-10B056A7B8FB}.Debug|x86.Build.0 = Debug|Win32
		{B3784975-0181-4DF6-99B8-10B056A7B8FB}.Release|x64.ActiveCfg = Release|x64
		{B3784975-0181-4DF6-99B8-10B056A7B8FB}.Release|x64.Build.0 = Release|x64
		{B3784975-0181-4DF6-99B8-10B056A7B8FB}.Release|x86.ActiveCfg = Release|Win32
		{B3784975-0181-4DF6-99B8-10B056A7B8FB}.Release|x86.Build.0 = Release|Win32
		{E03BF27E-3CB6-457D-A92F-1C2ED7604A58}.Debug|x64.ActiveCfg = Debug|x64
		{E03BF27E-3CB6-457D-A92F-1C2ED7604A58}.Debug|x64.Build.0 = Debug|x64
		{E03BF27E-3CB6-457D-A92F-1C2ED7604A58}.Debug|x86.ActiveCfg = Debug|Win32
		{E03BF27E-3CB6-457D-A92F-1C2ED7604A58}.Debug|x86.Build.0 = Debug|Win32
		{E03BF27E-3CB6-457D-A92F-1C2ED7604A58}.Release|x64.ActiveCfg = Release|x64
		{E03BF27E-3CB6-457D-A92F-1C2ED7604A58}.Release|x64.Build.0 = Release|x64
		{E03BF27E-3CB6-457D-A92F-1C2ED7604A58}.Release|x86.ActiveCfg = Release|Win32
		{E03BF27E-3CB6-457D-A92F-1C2ED7604A58}.Release|x86.Build.0 = Release|Win32
		{CC02E915-537E-47B1-9BFA-B47B75D6DD6F}.Debug|x64.ActiveCfg = Debug|x64
		{CC02E915-537E-47B1-9BFA-B47B75D6DD6F}.Debug|x64.Build.0 = Debug|x64
		{CC02E915-537E-47B1-9BFA-B47B75D6DD6F}.Debug|x86.ActiveCfg = Debug|Win32
		{CC02E915-537E-47B1-9BFA-B47B75D6DD6F}.Debug|x86.Build.0 = Debug|Win32
		{CC02E915-537E-47B1-9BFA-B47B75D6DD6F}.Release|x64.ActiveCfg = Release|x64
		{CC02E915-537E-47B1-9BFA-B47B75D6DD6F}.Release|x64.Build.0 = Release|x64
		{CC02E915-537E-47B1-9BFA-B47B75D6DD6F}.Release|x86.ActiveCfg = Release|Win32
		{CC02E915-537E-47B1-9BFA-B47B75D6DD6F}.Release|x86.Build.0 = Release|Win32
		{E0C7CCB4-E7CD-4AFF-B8B7-138C1E17B18E}.Debug|x64.ActiveCfg = Debug|x64
		{E0C7CCB4-E7CD-4AFF-B8B7-138C1E17B18E}.Debug|x64.Build.0 = Debug|x64
		{E0C7CCB4-E7CD-4AFF-B8B7-138C1E17B18E}.Debug|x86.ActiveCfg = Debug|Win32
		{E0C7CCB4-E7CD-4AFF-B8B7-138C1E17B18E}.Debug|x86.Build.0 = Debug|Win32
		{E0C7CCB4-E7CD-4AFF-B8B7-138C1E17B18E}.Release|x64.ActiveCfg = Release|x64
		{E0C7CCB4-E7CD-4AFF-B8B7-138C1E17B18E}.Release|x64.Build.0 = Release|x64
		{E0C7CCB4-E7CD-4AFF-B8B7-138C1E17B18E}.Release|x86.ActiveCfg = Release|Win32
		{E0C7CCB4-E7CD-4AFF-B8B7-138C1E17B18E}.Release|x86.Build.0 = Release|Win32
		{9B6ABF6A-73AB-4636-8F47-FED0C2CC3665}.Debug|x64.ActiveCfg = Debug|x64
		{9B6ABF6A-73AB-4636-8F47-FED0C2CC3665}.Debug|x64.Build.0 = Debug|x64
		{9B6ABF6A-73AB-4636-8F47-FED0C2CC3665}.Debug|x86.ActiveCfg = Debug|Win32
		{9B6ABF6A-73AB-4636-8F47-FED0C2CC3665}.Debug|x86.Build.0 = Debug|Win32
		{9B6ABF6A-73AB-4636-8F47-FED0C2CC3665}.Release|x64.ActiveCfg = Release|x64
		{9B6ABF6A-73AB-4636-8F47-FED0C2CC3665}.Release|x64.Build.0 = Release|x64
		{9B6ABF6A-73AB-4636-8F47-FED0C2CC3665}.Release|x86.ActiveCfg = Release|Win32
		{9B6ABF6A-73AB-4636-8F47-FED0C2CC3665}.Release|x86.Build.0 = Release|Win32
		{383455CA-76A9-4759-9DB0-6B6C0A933186}.Debug|x64.ActiveCfg = Debug|x64
		{383455CA-76A9-4759-9DB0-6B6C0A933186}.Debug|x64.Build.0 = Debug|x64
		{383455CA-76A9-4759-9DB0-6B6C0A933186}.Debug|x86.ActiveCfg = Debug|Win32
		{383455CA-76A9-4759-9DB0-6B6C0A933186}.Debug|x86.Build.0 = Debug|Win32
		{383455CA-76A9-4759-9DB0-6B6C0A933186}.Release|x64.ActiveCfg = Release|x64
		{383455CA-76A9-4759-9DB0-6B6C0A933186}.Release|x64.Build.0 = Release|x64
		{383455CA-76A9-4759-9DB0-6B6C0A933186}.Release|x86.ActiveCfg = Release|Win32
		{383455CA-76A9-4759-9DB0-6B6C0A933186}.Release|x86.Build.0 = Release|Win32
		{3C15065C-9EBF-4E14-8B2C-AAA4AE472064}.Debug|x64.ActiveCfg = Debug|x64
		{3C15065C-9EBF-4E14-8B2C-AAA4AE472064}.Debug|x64.Build.0 = Debug|x64
		{3C15065C-9EBF-4E14-8B2C-AAA4AE472064}.Debug|x86.ActiveCfg = Debug|Win32
		{3C15065C-9EBF-4E14-8B2C-AAA4AE472064}.Debug|x86.Build.0 = Debug|Win32
		{3C15065C-9EBF-4E14-8B2C-AAA4AE472064}.Release|x64.ActiveCfg = Release|x64
		{3C15065C-9EBF-4E14-8B2C-AAA4AE472064}.Release|x64.Build.0 = Release|x64
		{3C15065C-9EBF-4E14-8B2C-AAA4AE472064}.Release|x86.ActiveCfg = Release|Win32
		{3C15065C-9EBF-4E14-8B2C-AAA4AE472064}.Release|x86.Build.0 = Release|Win32
		{1E4DED99-E677-4671-9D88-AA53416E243C}.Debug|x64.ActiveCfg = Debug|x64
		{1E4DED99-E677-4671-9D88-AA53416E243C}.Debug|x64.Build.0 = Debug|x64
		{1E4DED99-E677-4671-9D88-AA53416E243C}.Debug|x86.ActiveCfg = Debug|Win32
		{1E4DED99-E677-4671-9D88-AA53416E243C}.Debug|x86.Build.0 = Debug|Win32
		{1E4DED99-E677-4671-9D88-AA53416E243C}.Release|x64.ActiveCfg = Release|x64
		{1E4DED99-E677-4671-9D88-AA53416E243C}.Release|x64.Build.0 = Release|x64
		{1E4DED99-E677-4671-9D88-AA53416E243C}.Release|x86.ActiveCfg = Release|Win32
		{1E4DED99-E677-4671-9D88-AA53416E243C}.Release|x86.Build.0 = Release|Win32
		{9B3675E9-D7D9-43E9-AA2D-B3FE41631219}.Debug|x64.ActiveCfg = Debug|x64
		{9B3675E9-D7D9-43E9-AA2D-B3FE41631219}.Debug|x64.Build.0 = Debug|x64
		{9B3675E9-D7D9-43E9-AA2D-B3FE41631219}.Debug|x86.ActiveCfg = Debug|Win32
		{9B3675E9-D7D9-43E9-AA2D-B3FE41631219}.Debug|x86.Build.0 = Debug|Win32
		{9B3675E9-D7D9-43E9-AA2D-B3FE41631219}.Release|x64.ActiveCfg = Release|x64
		{9B3675E9-D7D9-43E9-AA2D-B3FE41631219}.Release|x64.Build.0 = Release|x64
		{9B3675E9-D7D9-43E9-AA2D-B3FE41631219}.Release|x86.ActiveCfg = Release|Win32
		{9B3675E9-D7D9-43E9-AA2D-B3FE41631219}.Release|x86.Build.0 = Release|Win32
		{2DF93B38-AB33-4538-8034-702DA9239D6A}.Debug|x64.ActiveCfg = Debug|x64
		{2DF93B38-AB33-4538-8034-702DA9239D6A}.Debug|x64.Build.0 = Debug|x64
		{2DF93B38-AB33-4538-8034-702DA9239D6A}.Debug|x86.ActiveCfg = Debug|Win32
		{2DF93B38-AB33-4538-8034-702DA9239D6A}.Debug|x86.Build.0 = Debug|Win32
		{2DF93B38-AB33-4538-8034-702DA9239D6A}.Release|x64.ActiveCfg = Release|x64
		{2DF93B38-AB33-4538-8034-702DA9239D6A}.Release|x64.Build.0 = Release|x64
		{2DF93B38-AB33-4538-8034-702DA9239D6A}.Release|x86.ActiveCfg = Release|Win32
		{2DF93B38-AB33-4538-8034-702DA9239D6A}.Release|x86.Build.0 = Release|Win32
		{2D3C2CB3-C23A-4DD0-88CE-5287DA35BC03}.Debug|x64.ActiveCfg = Debug|x64
		{2D3C2CB3-C23A-4DD0-88CE-5287DA35BC03}.Debug|x64.Build.0 = Debug|x64
		{2D3C2CB3-C23A-4DD0-88CE-5287DA35BC03}.Debug|x86.ActiveCfg = Debug|Win32
		{2D3C2CB3-C23A-4DD0-88CE-5287DA35BC03}.Debug|x86.Build.0 = Debug|Win32
		{2D3C2CB3-C23A-4DD0-88CE-5287DA35BC03}.Release|x64.ActiveCfg = Release|x64
		{2D3C2CB3-C23A-4DD0-88CE-5287DA35BC03}.Release|x64.Build.0 = Release|x64
		{2D3C2CB3-C23A-4DD0-88CE-5287DA35BC03}.Release|x86.ActiveCfg = Release|Win32
		{2D3C2CB3-C23A-4DD0-88CE-5287DA35BC03}.Release|x86.Build.0 = Release|Win32
	EndGlobalSection
	GlobalSection(SolutionProperties) = preSolution
		HideSolutionNode = FALSE
	EndGlobalSection
EndGlobal
